// !$*UTF8*$!
{
	archiveVersion = 1;
	classes = {
	};
	objectVersion = 50;
	objects = {

/* Begin PBXBuildFile section */
		244A61F92B1B5BD800F9C168 /* AppDelegate.swift in Sources */ = {isa = PBXBuildFile; fileRef = 244A61F82B1B5BD800F9C168 /* AppDelegate.swift */; };
		244A61FB2B1B5BD800F9C168 /* SceneDelegate.swift in Sources */ = {isa = PBXBuildFile; fileRef = 244A61FA2B1B5BD800F9C168 /* SceneDelegate.swift */; };
		244A61FD2B1B5BD800F9C168 /* ContentView.swift in Sources */ = {isa = PBXBuildFile; fileRef = 244A61FC2B1B5BD800F9C168 /* ContentView.swift */; };
		244A61FF2B1B5BE300F9C168 /* Assets.xcassets in Resources */ = {isa = PBXBuildFile; fileRef = 244A61FE2B1B5BE300F9C168 /* Assets.xcassets */; };
		244A62022B1B5BE300F9C168 /* Preview Assets.xcassets in Resources */ = {isa = PBXBuildFile; fileRef = 244A62012B1B5BE300F9C168 /* Preview Assets.xcassets */; };
		244A62052B1B5BE300F9C168 /* LaunchScreen.storyboard in Resources */ = {isa = PBXBuildFile; fileRef = 244A62032B1B5BE300F9C168 /* LaunchScreen.storyboard */; };
		244A62102B1B5BE300F9C168 /* ChuckN_APITests.swift in Sources */ = {isa = PBXBuildFile; fileRef = 244A620F2B1B5BE300F9C168 /* ChuckN_APITests.swift */; };
		244A621B2B1B5BE300F9C168 /* ChuckN_APIUITests.swift in Sources */ = {isa = PBXBuildFile; fileRef = 244A621A2B1B5BE300F9C168 /* ChuckN_APIUITests.swift */; };
		244A62292B1B6FA100F9C168 /* ChuckAPI.swift in Sources */ = {isa = PBXBuildFile; fileRef = 244A62282B1B6FA100F9C168 /* ChuckAPI.swift */; };
/* End PBXBuildFile section */

/* Begin PBXContainerItemProxy section */
		244A620C2B1B5BE300F9C168 /* PBXContainerItemProxy */ = {
			isa = PBXContainerItemProxy;
			containerPortal = 244A61ED2B1B5BD700F9C168 /* Project object */;
			proxyType = 1;
			remoteGlobalIDString = 244A61F42B1B5BD800F9C168;
			remoteInfo = ChuckN_API;
		};
		244A62172B1B5BE300F9C168 /* PBXContainerItemProxy */ = {
			isa = PBXContainerItemProxy;
			containerPortal = 244A61ED2B1B5BD700F9C168 /* Project object */;
			proxyType = 1;
			remoteGlobalIDString = 244A61F42B1B5BD800F9C168;
			remoteInfo = ChuckN_API;
		};
/* End PBXContainerItemProxy section */

/* Begin PBXFileReference section */
		244A61F52B1B5BD800F9C168 /* ChuckN_API.app */ = {isa = PBXFileReference; explicitFileType = wrapper.application; includeInIndex = 0; path = ChuckN_API.app; sourceTree = BUILT_PRODUCTS_DIR; };
		244A61F82B1B5BD800F9C168 /* AppDelegate.swift */ = {isa = PBXFileReference; lastKnownFileType = sourcecode.swift; path = AppDelegate.swift; sourceTree = "<group>"; };
		244A61FA2B1B5BD800F9C168 /* SceneDelegate.swift */ = {isa = PBXFileReference; lastKnownFileType = sourcecode.swift; path = SceneDelegate.swift; sourceTree = "<group>"; };
		244A61FC2B1B5BD800F9C168 /* ContentView.swift */ = {isa = PBXFileReference; lastKnownFileType = sourcecode.swift; path = ContentView.swift; sourceTree = "<group>"; };
		244A61FE2B1B5BE300F9C168 /* Assets.xcassets */ = {isa = PBXFileReference; lastKnownFileType = folder.assetcatalog; path = Assets.xcassets; sourceTree = "<group>"; };
		244A62012B1B5BE300F9C168 /* Preview Assets.xcassets */ = {isa = PBXFileReference; lastKnownFileType = folder.assetcatalog; path = "Preview Assets.xcassets"; sourceTree = "<group>"; };
		244A62042B1B5BE300F9C168 /* Base */ = {isa = PBXFileReference; lastKnownFileType = file.storyboard; name = Base; path = Base.lproj/LaunchScreen.storyboard; sourceTree = "<group>"; };
		244A62062B1B5BE300F9C168 /* Info.plist */ = {isa = PBXFileReference; lastKnownFileType = text.plist.xml; path = Info.plist; sourceTree = "<group>"; };
		244A620B2B1B5BE300F9C168 /* ChuckN_APITests.xctest */ = {isa = PBXFileReference; explicitFileType = wrapper.cfbundle; includeInIndex = 0; path = ChuckN_APITests.xctest; sourceTree = BUILT_PRODUCTS_DIR; };
		244A620F2B1B5BE300F9C168 /* ChuckN_APITests.swift */ = {isa = PBXFileReference; lastKnownFileType = sourcecode.swift; path = ChuckN_APITests.swift; sourceTree = "<group>"; };
		244A62112B1B5BE300F9C168 /* Info.plist */ = {isa = PBXFileReference; lastKnownFileType = text.plist.xml; path = Info.plist; sourceTree = "<group>"; };
		244A62162B1B5BE300F9C168 /* ChuckN_APIUITests.xctest */ = {isa = PBXFileReference; explicitFileType = wrapper.cfbundle; includeInIndex = 0; path = ChuckN_APIUITests.xctest; sourceTree = BUILT_PRODUCTS_DIR; };
		244A621A2B1B5BE300F9C168 /* ChuckN_APIUITests.swift */ = {isa = PBXFileReference; lastKnownFileType = sourcecode.swift; path = ChuckN_APIUITests.swift; sourceTree = "<group>"; };
		244A621C2B1B5BE300F9C168 /* Info.plist */ = {isa = PBXFileReference; lastKnownFileType = text.plist.xml; path = Info.plist; sourceTree = "<group>"; };
		244A62282B1B6FA100F9C168 /* ChuckAPI.swift */ = {isa = PBXFileReference; lastKnownFileType = sourcecode.swift; path = ChuckAPI.swift; sourceTree = "<group>"; };
/* End PBXFileReference section */

/* Begin PBXFrameworksBuildPhase section */
		244A61F22B1B5BD800F9C168 /* Frameworks */ = {
			isa = PBXFrameworksBuildPhase;
			buildActionMask = 2147483647;
			files = (
			);
			runOnlyForDeploymentPostprocessing = 0;
		};
		244A62082B1B5BE300F9C168 /* Frameworks */ = {
			isa = PBXFrameworksBuildPhase;
			buildActionMask = 2147483647;
			files = (
			);
			runOnlyForDeploymentPostprocessing = 0;
		};
		244A62132B1B5BE300F9C168 /* Frameworks */ = {
			isa = PBXFrameworksBuildPhase;
			buildActionMask = 2147483647;
			files = (
			);
			runOnlyForDeploymentPostprocessing = 0;
		};
/* End PBXFrameworksBuildPhase section */

/* Begin PBXGroup section */
		244A61EC2B1B5BD700F9C168 = {
			isa = PBXGroup;
			children = (
				244A62282B1B6FA100F9C168 /* ChuckAPI.swift */,
				244A61F72B1B5BD800F9C168 /* ChuckN_API */,
				244A620E2B1B5BE300F9C168 /* ChuckN_APITests */,
				244A62192B1B5BE300F9C168 /* ChuckN_APIUITests */,
				244A61F62B1B5BD800F9C168 /* Products */,
			);
			sourceTree = "<group>";
		};
		244A61F62B1B5BD800F9C168 /* Products */ = {
			isa = PBXGroup;
			children = (
				244A61F52B1B5BD800F9C168 /* ChuckN_API.app */,
				244A620B2B1B5BE300F9C168 /* ChuckN_APITests.xctest */,
				244A62162B1B5BE300F9C168 /* ChuckN_APIUITests.xctest */,
			);
			name = Products;
			sourceTree = "<group>";
		};
		244A61F72B1B5BD800F9C168 /* ChuckN_API */ = {
			isa = PBXGroup;
			children = (
				244A61F82B1B5BD800F9C168 /* AppDelegate.swift */,
				244A61FA2B1B5BD800F9C168 /* SceneDelegate.swift */,
				244A61FC2B1B5BD800F9C168 /* ContentView.swift */,
				244A61FE2B1B5BE300F9C168 /* Assets.xcassets */,
				244A62032B1B5BE300F9C168 /* LaunchScreen.storyboard */,
				244A62062B1B5BE300F9C168 /* Info.plist */,
				244A62002B1B5BE300F9C168 /* Preview Content */,
			);
			path = ChuckN_API;
			sourceTree = "<group>";
		};
		244A62002B1B5BE300F9C168 /* Preview Content */ = {
			isa = PBXGroup;
			children = (
				244A62012B1B5BE300F9C168 /* Preview Assets.xcassets */,
			);
			path = "Preview Content";
			sourceTree = "<group>";
		};
		244A620E2B1B5BE300F9C168 /* ChuckN_APITests */ = {
			isa = PBXGroup;
			children = (
				244A620F2B1B5BE300F9C168 /* ChuckN_APITests.swift */,
				244A62112B1B5BE300F9C168 /* Info.plist */,
			);
			path = ChuckN_APITests;
			sourceTree = "<group>";
		};
		244A62192B1B5BE300F9C168 /* ChuckN_APIUITests */ = {
			isa = PBXGroup;
			children = (
				244A621A2B1B5BE300F9C168 /* ChuckN_APIUITests.swift */,
				244A621C2B1B5BE300F9C168 /* Info.plist */,
			);
			path = ChuckN_APIUITests;
			sourceTree = "<group>";
		};
/* End PBXGroup section */

/* Begin PBXNativeTarget section */
		244A61F42B1B5BD800F9C168 /* ChuckN_API */ = {
			isa = PBXNativeTarget;
			buildConfigurationList = 244A621F2B1B5BE300F9C168 /* Build configuration list for PBXNativeTarget "ChuckN_API" */;
			buildPhases = (
				244A61F12B1B5BD800F9C168 /* Sources */,
				244A61F22B1B5BD800F9C168 /* Frameworks */,
				244A61F32B1B5BD800F9C168 /* Resources */,
			);
			buildRules = (
			);
			dependencies = (
			);
			name = ChuckN_API;
			productName = ChuckN_API;
			productReference = 244A61F52B1B5BD800F9C168 /* ChuckN_API.app */;
			productType = "com.apple.product-type.application";
		};
		244A620A2B1B5BE300F9C168 /* ChuckN_APITests */ = {
			isa = PBXNativeTarget;
			buildConfigurationList = 244A62222B1B5BE300F9C168 /* Build configuration list for PBXNativeTarget "ChuckN_APITests" */;
			buildPhases = (
				244A62072B1B5BE300F9C168 /* Sources */,
				244A62082B1B5BE300F9C168 /* Frameworks */,
				244A62092B1B5BE300F9C168 /* Resources */,
			);
			buildRules = (
			);
			dependencies = (
				244A620D2B1B5BE300F9C168 /* PBXTargetDependency */,
			);
			name = ChuckN_APITests;
			productName = ChuckN_APITests;
			productReference = 244A620B2B1B5BE300F9C168 /* ChuckN_APITests.xctest */;
			productType = "com.apple.product-type.bundle.unit-test";
		};
		244A62152B1B5BE300F9C168 /* ChuckN_APIUITests */ = {
			isa = PBXNativeTarget;
			buildConfigurationList = 244A62252B1B5BE300F9C168 /* Build configuration list for PBXNativeTarget "ChuckN_APIUITests" */;
			buildPhases = (
				244A62122B1B5BE300F9C168 /* Sources */,
				244A62132B1B5BE300F9C168 /* Frameworks */,
				244A62142B1B5BE300F9C168 /* Resources */,
			);
			buildRules = (
			);
			dependencies = (
				244A62182B1B5BE300F9C168 /* PBXTargetDependency */,
			);
			name = ChuckN_APIUITests;
			productName = ChuckN_APIUITests;
			productReference = 244A62162B1B5BE300F9C168 /* ChuckN_APIUITests.xctest */;
			productType = "com.apple.product-type.bundle.ui-testing";
		};
/* End PBXNativeTarget section */

/* Begin PBXProject section */
		244A61ED2B1B5BD700F9C168 /* Project object */ = {
			isa = PBXProject;
			attributes = {
				LastSwiftUpdateCheck = 1160;
				LastUpgradeCheck = 1160;
				ORGANIZATIONNAME = test;
				TargetAttributes = {
					244A61F42B1B5BD800F9C168 = {
						CreatedOnToolsVersion = 11.6;
					};
					244A620A2B1B5BE300F9C168 = {
						CreatedOnToolsVersion = 11.6;
						TestTargetID = 244A61F42B1B5BD800F9C168;
					};
					244A62152B1B5BE300F9C168 = {
						CreatedOnToolsVersion = 11.6;
						TestTargetID = 244A61F42B1B5BD800F9C168;
					};
				};
			};
			buildConfigurationList = 244A61F02B1B5BD700F9C168 /* Build configuration list for PBXProject "ChuckN_API" */;
			compatibilityVersion = "Xcode 9.3";
			developmentRegion = en;
			hasScannedForEncodings = 0;
			knownRegions = (
				en,
				Base,
			);
			mainGroup = 244A61EC2B1B5BD700F9C168;
			productRefGroup = 244A61F62B1B5BD800F9C168 /* Products */;
			projectDirPath = "";
			projectRoot = "";
			targets = (
				244A61F42B1B5BD800F9C168 /* ChuckN_API */,
				244A620A2B1B5BE300F9C168 /* ChuckN_APITests */,
				244A62152B1B5BE300F9C168 /* ChuckN_APIUITests */,
			);
		};
/* End PBXProject section */

/* Begin PBXResourcesBuildPhase section */
		244A61F32B1B5BD800F9C168 /* Resources */ = {
			isa = PBXResourcesBuildPhase;
			buildActionMask = 2147483647;
			files = (
				244A62052B1B5BE300F9C168 /* LaunchScreen.storyboard in Resources */,
				244A62022B1B5BE300F9C168 /* Preview Assets.xcassets in Resources */,
				244A61FF2B1B5BE300F9C168 /* Assets.xcassets in Resources */,
			);
			runOnlyForDeploymentPostprocessing = 0;
		};
		244A62092B1B5BE300F9C168 /* Resources */ = {
			isa = PBXResourcesBuildPhase;
			buildActionMask = 2147483647;
			files = (
			);
			runOnlyForDeploymentPostprocessing = 0;
		};
		244A62142B1B5BE300F9C168 /* Resources */ = {
			isa = PBXResourcesBuildPhase;
			buildActionMask = 2147483647;
			files = (
			);
			runOnlyForDeploymentPostprocessing = 0;
		};
/* End PBXResourcesBuildPhase section */

/* Begin PBXSourcesBuildPhase section */
		244A61F12B1B5BD800F9C168 /* Sources */ = {
			isa = PBXSourcesBuildPhase;
			buildActionMask = 2147483647;
			files = (
				244A61F92B1B5BD800F9C168 /* AppDelegate.swift in Sources */,
				244A62292B1B6FA100F9C168 /* ChuckAPI.swift in Sources */,
				244A61FB2B1B5BD800F9C168 /* SceneDelegate.swift in Sources */,
				244A61FD2B1B5BD800F9C168 /* ContentView.swift in Sources */,
			);
			runOnlyForDeploymentPostprocessing = 0;
		};
		244A62072B1B5BE300F9C168 /* Sources */ = {
			isa = PBXSourcesBuildPhase;
			buildActionMask = 2147483647;
			files = (
				244A62102B1B5BE300F9C168 /* ChuckN_APITests.swift in Sources */,
			);
			runOnlyForDeploymentPostprocessing = 0;
		};
		244A62122B1B5BE300F9C168 /* Sources */ = {
			isa = PBXSourcesBuildPhase;
			buildActionMask = 2147483647;
			files = (
				244A621B2B1B5BE300F9C168 /* ChuckN_APIUITests.swift in Sources */,
			);
			runOnlyForDeploymentPostprocessing = 0;
		};
/* End PBXSourcesBuildPhase section */

/* Begin PBXTargetDependency section */
		244A620D2B1B5BE300F9C168 /* PBXTargetDependency */ = {
			isa = PBXTargetDependency;
			target = 244A61F42B1B5BD800F9C168 /* ChuckN_API */;
			targetProxy = 244A620C2B1B5BE300F9C168 /* PBXContainerItemProxy */;
		};
		244A62182B1B5BE300F9C168 /* PBXTargetDependency */ = {
			isa = PBXTargetDependency;
			target = 244A61F42B1B5BD800F9C168 /* ChuckN_API */;
			targetProxy = 244A62172B1B5BE300F9C168 /* PBXContainerItemProxy */;
		};
/* End PBXTargetDependency section */

/* Begin PBXVariantGroup section */
		244A62032B1B5BE300F9C168 /* LaunchScreen.storyboard */ = {
			isa = PBXVariantGroup;
			children = (
				244A62042B1B5BE300F9C168 /* Base */,
			);
			name = LaunchScreen.storyboard;
			sourceTree = "<group>";
		};
/* End PBXVariantGroup section */

/* Begin XCBuildConfiguration section */
		244A621D2B1B5BE300F9C168 /* Debug */ = {
			isa = XCBuildConfiguration;
			buildSettings = {
				ALWAYS_SEARCH_USER_PATHS = NO;
				CLANG_ANALYZER_NONNULL = YES;
				CLANG_ANALYZER_NUMBER_OBJECT_CONVERSION = YES_AGGRESSIVE;
				CLANG_CXX_LANGUAGE_STANDARD = "gnu++14";
				CLANG_CXX_LIBRARY = "libc++";
				CLANG_ENABLE_MODULES = YES;
				CLANG_ENABLE_OBJC_ARC = YES;
				CLANG_ENABLE_OBJC_WEAK = YES;
				CLANG_WARN_BLOCK_CAPTURE_AUTORELEASING = YES;
				CLANG_WARN_BOOL_CONVERSION = YES;
				CLANG_WARN_COMMA = YES;
				CLANG_WARN_CONSTANT_CONVERSION = YES;
				CLANG_WARN_DEPRECATED_OBJC_IMPLEMENTATIONS = YES;
				CLANG_WARN_DIRECT_OBJC_ISA_USAGE = YES_ERROR;
				CLANG_WARN_DOCUMENTATION_COMMENTS = YES;
				CLANG_WARN_EMPTY_BODY = YES;
				CLANG_WARN_ENUM_CONVERSION = YES;
				CLANG_WARN_INFINITE_RECURSION = YES;
				CLANG_WARN_INT_CONVERSION = YES;
				CLANG_WARN_NON_LITERAL_NULL_CONVERSION = YES;
				CLANG_WARN_OBJC_IMPLICIT_RETAIN_SELF = YES;
				CLANG_WARN_OBJC_LITERAL_CONVERSION = YES;
				CLANG_WARN_OBJC_ROOT_CLASS = YES_ERROR;
				CLANG_WARN_RANGE_LOOP_ANALYSIS = YES;
				CLANG_WARN_STRICT_PROTOTYPES = YES;
				CLANG_WARN_SUSPICIOUS_MOVE = YES;
				CLANG_WARN_UNGUARDED_AVAILABILITY = YES_AGGRESSIVE;
				CLANG_WARN_UNREACHABLE_CODE = YES;
				CLANG_WARN__DUPLICATE_METHOD_MATCH = YES;
				COPY_PHASE_STRIP = NO;
				DEBUG_INFORMATION_FORMAT = dwarf;
				ENABLE_STRICT_OBJC_MSGSEND = YES;
				ENABLE_TESTABILITY = YES;
				GCC_C_LANGUAGE_STANDARD = gnu11;
				GCC_DYNAMIC_NO_PIC = NO;
				GCC_NO_COMMON_BLOCKS = YES;
				GCC_OPTIMIZATION_LEVEL = 0;
				GCC_PREPROCESSOR_DEFINITIONS = (
					"DEBUG=1",
					"$(inherited)",
				);
				GCC_WARN_64_TO_32_BIT_CONVERSION = YES;
				GCC_WARN_ABOUT_RETURN_TYPE = YES_ERROR;
				GCC_WARN_UNDECLARED_SELECTOR = YES;
				GCC_WARN_UNINITIALIZED_AUTOS = YES_AGGRESSIVE;
				GCC_WARN_UNUSED_FUNCTION = YES;
				GCC_WARN_UNUSED_VARIABLE = YES;
				IPHONEOS_DEPLOYMENT_TARGET = 13.6;
				MTL_ENABLE_DEBUG_INFO = INCLUDE_SOURCE;
				MTL_FAST_MATH = YES;
				ONLY_ACTIVE_ARCH = YES;
				SDKROOT = iphoneos;
				SWIFT_ACTIVE_COMPILATION_CONDITIONS = DEBUG;
				SWIFT_OPTIMIZATION_LEVEL = "-Onone";
			};
			name = Debug;
		};
		244A621E2B1B5BE300F9C168 /* Release */ = {
			isa = XCBuildConfiguration;
			buildSettings = {
				ALWAYS_SEARCH_USER_PATHS = NO;
				CLANG_ANALYZER_NONNULL = YES;
				CLANG_ANALYZER_NUMBER_OBJECT_CONVERSION = YES_AGGRESSIVE;
				CLANG_CXX_LANGUAGE_STANDARD = "gnu++14";
				CLANG_CXX_LIBRARY = "libc++";
				CLANG_ENABLE_MODULES = YES;
				CLANG_ENABLE_OBJC_ARC = YES;
				CLANG_ENABLE_OBJC_WEAK = YES;
				CLANG_WARN_BLOCK_CAPTURE_AUTORELEASING = YES;
				CLANG_WARN_BOOL_CONVERSION = YES;
				CLANG_WARN_COMMA = YES;
				CLANG_WARN_CONSTANT_CONVERSION = YES;
				CLANG_WARN_DEPRECATED_OBJC_IMPLEMENTATIONS = YES;
				CLANG_WARN_DIRECT_OBJC_ISA_USAGE = YES_ERROR;
				CLANG_WARN_DOCUMENTATION_COMMENTS = YES;
				CLANG_WARN_EMPTY_BODY = YES;
				CLANG_WARN_ENUM_CONVERSION = YES;
				CLANG_WARN_INFINITE_RECURSION = YES;
				CLANG_WARN_INT_CONVERSION = YES;
				CLANG_WARN_NON_LITERAL_NULL_CONVERSION = YES;
				CLANG_WARN_OBJC_IMPLICIT_RETAIN_SELF = YES;
				CLANG_WARN_OBJC_LITERAL_CONVERSION = YES;
				CLANG_WARN_OBJC_ROOT_CLASS = YES_ERROR;
				CLANG_WARN_RANGE_LOOP_ANALYSIS = YES;
				CLANG_WARN_STRICT_PROTOTYPES = YES;
				CLANG_WARN_SUSPICIOUS_MOVE = YES;
				CLANG_WARN_UNGUARDED_AVAILABILITY = YES_AGGRESSIVE;
				CLANG_WARN_UNREACHABLE_CODE = YES;
				CLANG_WARN__DUPLICATE_METHOD_MATCH = YES;
				COPY_PHASE_STRIP = NO;
				DEBUG_INFORMATION_FORMAT = "dwarf-with-dsym";
				ENABLE_NS_ASSERTIONS = NO;
				ENABLE_STRICT_OBJC_MSGSEND = YES;
				GCC_C_LANGUAGE_STANDARD = gnu11;
				GCC_NO_COMMON_BLOCKS = YES;
				GCC_WARN_64_TO_32_BIT_CONVERSION = YES;
				GCC_WARN_ABOUT_RETURN_TYPE = YES_ERROR;
				GCC_WARN_UNDECLARED_SELECTOR = YES;
				GCC_WARN_UNINITIALIZED_AUTOS = YES_AGGRESSIVE;
				GCC_WARN_UNUSED_FUNCTION = YES;
				GCC_WARN_UNUSED_VARIABLE = YES;
				IPHONEOS_DEPLOYMENT_TARGET = 13.6;
				MTL_ENABLE_DEBUG_INFO = NO;
				MTL_FAST_MATH = YES;
				SDKROOT = iphoneos;
				SWIFT_COMPILATION_MODE = wholemodule;
				SWIFT_OPTIMIZATION_LEVEL = "-O";
				VALIDATE_PRODUCT = YES;
			};
			name = Release;
		};
		244A62202B1B5BE300F9C168 /* Debug */ = {
			isa = XCBuildConfiguration;
			buildSettings = {
				ASSETCATALOG_COMPILER_APPICON_NAME = AppIcon;
				CODE_SIGN_STYLE = Automatic;
				DEVELOPMENT_ASSET_PATHS = "\"ChuckN_API/Preview Content\"";
				DEVELOPMENT_TEAM = FVYYV394C6;
				ENABLE_PREVIEWS = YES;
				INFOPLIST_FILE = ChuckN_API/Info.plist;
				LD_RUNPATH_SEARCH_PATHS = (
					"$(inherited)",
					"@executable_path/Frameworks",
				);
				PRODUCT_BUNDLE_IDENTIFIER = "test.ChuckN-API";
				PRODUCT_NAME = "$(TARGET_NAME)";
				SWIFT_VERSION = 5.0;
				TARGETED_DEVICE_FAMILY = "1,2";
			};
			name = Debug;
		};
		244A62212B1B5BE300F9C168 /* Release */ = {
			isa = XCBuildConfiguration;
			buildSettings = {
				ASSETCATALOG_COMPILER_APPICON_NAME = AppIcon;
				CODE_SIGN_STYLE = Automatic;
				DEVELOPMENT_ASSET_PATHS = "\"ChuckN_API/Preview Content\"";
				DEVELOPMENT_TEAM = FVYYV394C6;
				ENABLE_PREVIEWS = YES;
				INFOPLIST_FILE = ChuckN_API/Info.plist;
				LD_RUNPATH_SEARCH_PATHS = (
					"$(inherited)",
					"@executable_path/Frameworks",
				);
				PRODUCT_BUNDLE_IDENTIFIER = "test.ChuckN-API";
				PRODUCT_NAME = "$(TARGET_NAME)";
				SWIFT_VERSION = 5.0;
				TARGETED_DEVICE_FAMILY = "1,2";
			};
			name = Release;
		};
		244A62232B1B5BE300F9C168 /* Debug */ = {
			isa = XCBuildConfiguration;
			buildSettings = {
				ALWAYS_EMBED_SWIFT_STANDARD_LIBRARIES = YES;
				BUNDLE_LOADER = "$(TEST_HOST)";
				CODE_SIGN_STYLE = Automatic;
				DEVELOPMENT_TEAM = FVYYV394C6;
				INFOPLIST_FILE = ChuckN_APITests/Info.plist;
				IPHONEOS_DEPLOYMENT_TARGET = 13.6;
				LD_RUNPATH_SEARCH_PATHS = (
					"$(inherited)",
					"@executable_path/Frameworks",
					"@loader_path/Frameworks",
				);
				PRODUCT_BUNDLE_IDENTIFIER = "test.ChuckN-APITests";
				PRODUCT_NAME = "$(TARGET_NAME)";
				SWIFT_VERSION = 5.0;
				TARGETED_DEVICE_FAMILY = "1,2";
				TEST_HOST = "$(BUILT_PRODUCTS_DIR)/ChuckN_API.app/ChuckN_API";
			};
			name = Debug;
		};
		244A62242B1B5BE300F9C168 /* Release */ = {
			isa = XCBuildConfiguration;
			buildSettings = {
				ALWAYS_EMBED_SWIFT_STANDARD_LIBRARIES = YES;
				BUNDLE_LOADER = "$(TEST_HOST)";
				CODE_SIGN_STYLE = Automatic;
				DEVELOPMENT_TEAM = FVYYV394C6;
				INFOPLIST_FILE = ChuckN_APITests/Info.plist;
				IPHONEOS_DEPLOYMENT_TARGET = 13.6;
				LD_RUNPATH_SEARCH_PATHS = (
					"$(inherited)",
					"@executable_path/Frameworks",
					"@loader_path/Frameworks",
				);
				PRODUCT_BUNDLE_IDENTIFIER = "test.ChuckN-APITests";
				PRODUCT_NAME = "$(TARGET_NAME)";
				SWIFT_VERSION = 5.0;
				TARGETED_DEVICE_FAMILY = "1,2";
				TEST_HOST = "$(BUILT_PRODUCTS_DIR)/ChuckN_API.app/ChuckN_API";
			};
			name = Release;
		};
		244A62262B1B5BE300F9C168 /* Debug */ = {
			isa = XCBuildConfiguration;
			buildSettings = {
				ALWAYS_EMBED_SWIFT_STANDARD_LIBRARIES = YES;
				CODE_SIGN_STYLE = Automatic;
				DEVELOPMENT_TEAM = FVYYV394C6;
				INFOPLIST_FILE = ChuckN_APIUITests/Info.plist;
				LD_RUNPATH_SEARCH_PATHS = (
					"$(inherited)",
					"@executable_path/Frameworks",
					"@loader_path/Frameworks",
				);
				PRODUCT_BUNDLE_IDENTIFIER = "test.ChuckN-APIUITests";
				PRODUCT_NAME = "$(TARGET_NAME)";
				SWIFT_VERSION = 5.0;
				TARGETED_DEVICE_FAMILY = "1,2";
				TEST_TARGET_NAME = ChuckN_API;
			};
			name = Debug;
		};
		244A62272B1B5BE300F9C168 /* Release */ = {
			isa = XCBuildConfiguration;
			buildSettings = {
				ALWAYS_EMBED_SWIFT_STANDARD_LIBRARIES = YES;
				CODE_SIGN_STYLE = Automatic;
				DEVELOPMENT_TEAM = FVYYV394C6;
				INFOPLIST_FILE = ChuckN_APIUITests/Info.plist;
				LD_RUNPATH_SEARCH_PATHS = (
					"$(inherited)",
					"@executable_path/Frameworks",
					"@loader_path/Frameworks",
				);
				PRODUCT_BUNDLE_IDENTIFIER = "test.ChuckN-APIUITests";
				PRODUCT_NAME = "$(TARGET_NAME)";
				SWIFT_VERSION = 5.0;
				TARGETED_DEVICE_FAMILY = "1,2";
				TEST_TARGET_NAME = ChuckN_API;
			};
			name = Release;
		};
/* End XCBuildConfiguration section */

/* Begin XCConfigurationList section */
		244A61F02B1B5BD700F9C168 /* Build configuration list for PBXProject "ChuckN_API" */ = {
			isa = XCConfigurationList;
			buildConfigurations = (
				244A621D2B1B5BE300F9C168 /* Debug */,
				244A621E2B1B5BE300F9C168 /* Release */,
			);
			defaultConfigurationIsVisible = 0;
			defaultConfigurationName = Release;
		};
		244A621F2B1B5BE300F9C168 /* Build configuration list for PBXNativeTarget "ChuckN_API" */ = {
			isa = XCConfigurationList;
			buildConfigurations = (
				244A62202B1B5BE300F9C168 /* Debug */,
				244A62212B1B5BE300F9C168 /* Release */,
			);
			defaultConfigurationIsVisible = 0;
			defaultConfigurationName = Release;
		};
		244A62222B1B5BE300F9C168 /* Build configuration list for PBXNativeTarget "ChuckN_APITests" */ = {
			isa = XCConfigurationList;
			buildConfigurations = (
				244A62232B1B5BE300F9C168 /* Debug */,
				244A62242B1B5BE300F9C168 /* Release */,
			);
			defaultConfigurationIsVisible = 0;
			defaultConfigurationName = Release;
		};
		244A62252B1B5BE300F9C168 /* Build configuration list for PBXNativeTarget "ChuckN_APIUITests" */ = {
			isa = XCConfigurationList;
			buildConfigurations = (
				244A62262B1B5BE300F9C168 /* Debug */,
				244A62272B1B5BE300F9C168 /* Release */,
			);
			defaultConfigurationIsVisible = 0;
			defaultConfigurationName = Release;
		};
/* End XCConfigurationList section */
	};
	rootObject = 244A61ED2B1B5BD700F9C168 /* Project object */;
}
